// !$*UTF8*$!
{
	archiveVersion = 1;
	classes = {
	};
	objectVersion = 56;
	objects = {

/* Begin PBXBuildFile section */
		1FBBD811A7634BC541253BA2 /* Pods_NewYorkTimes_NewYorkTimesUITests.framework in Frameworks */ = {isa = PBXBuildFile; fileRef = 0F8E7009B4EF047B028B1240 /* Pods_NewYorkTimes_NewYorkTimesUITests.framework */; };
		95255D322A3268C600FD6F03 /* AppCoordinator.swift in Sources */ = {isa = PBXBuildFile; fileRef = 95255D312A3268C600FD6F03 /* AppCoordinator.swift */; };
		95255D362A3268D200FD6F03 /* Storyboard.swift in Sources */ = {isa = PBXBuildFile; fileRef = 95255D352A3268D200FD6F03 /* Storyboard.swift */; };
		95255D3B2A3268DB00FD6F03 /* SplashCoordinator.swift in Sources */ = {isa = PBXBuildFile; fileRef = 95255D392A3268DB00FD6F03 /* SplashCoordinator.swift */; };
		95255D3C2A3268DB00FD6F03 /* SplashViewController.swift in Sources */ = {isa = PBXBuildFile; fileRef = 95255D3A2A3268DB00FD6F03 /* SplashViewController.swift */; };
		95255D3E2A3268F000FD6F03 /* Splash.storyboard in Resources */ = {isa = PBXBuildFile; fileRef = 95255D3D2A3268F000FD6F03 /* Splash.storyboard */; };
		95255D402A326A7F00FD6F03 /* SceneDelegate.swift in Sources */ = {isa = PBXBuildFile; fileRef = 95255D3F2A326A7F00FD6F03 /* SceneDelegate.swift */; };
		95284E672A35E42400DD8ACA /* UseCaseFactory.swift in Sources */ = {isa = PBXBuildFile; fileRef = 95284E662A35E42400DD8ACA /* UseCaseFactory.swift */; };
		95284E6A2A35E51700DD8ACA /* NewsUseCase.swift in Sources */ = {isa = PBXBuildFile; fileRef = 95284E692A35E51700DD8ACA /* NewsUseCase.swift */; };
		95284E6D2A35E56100DD8ACA /* NetworkProvider.swift in Sources */ = {isa = PBXBuildFile; fileRef = 95284E6C2A35E56100DD8ACA /* NetworkProvider.swift */; };
		95284E702A35E5D900DD8ACA /* NewsEndpoints.swift in Sources */ = {isa = PBXBuildFile; fileRef = 95284E6F2A35E5D900DD8ACA /* NewsEndpoints.swift */; };
		95284E752A35E6BF00DD8ACA /* NewsResponce.swift in Sources */ = {isa = PBXBuildFile; fileRef = 95284E742A35E6BF00DD8ACA /* NewsResponce.swift */; };
		95284E772A35E82C00DD8ACA /* BaseResponce.swift in Sources */ = {isa = PBXBuildFile; fileRef = 95284E762A35E82C00DD8ACA /* BaseResponce.swift */; };
		95284E792A35EB9800DD8ACA /* BaseRequestData.swift in Sources */ = {isa = PBXBuildFile; fileRef = 95284E782A35EB9800DD8ACA /* BaseRequestData.swift */; };
		95284E7D2A360D6D00DD8ACA /* Data.swift in Sources */ = {isa = PBXBuildFile; fileRef = 95284E7C2A360D6D00DD8ACA /* Data.swift */; };
		95284E802A360D8200DD8ACA /* Encodable.swift in Sources */ = {isa = PBXBuildFile; fileRef = 95284E7F2A360D8200DD8ACA /* Encodable.swift */; };
		95284E822A360DD400DD8ACA /* NewsRequestData.swift in Sources */ = {isa = PBXBuildFile; fileRef = 95284E812A360DD400DD8ACA /* NewsRequestData.swift */; };
		95284E882A3612B700DD8ACA /* ApiKeyProvider.swift in Sources */ = {isa = PBXBuildFile; fileRef = 95284E872A3612B700DD8ACA /* ApiKeyProvider.swift */; };
		952967FB2A337E1D00AB7EFD /* Coordinator.swift in Sources */ = {isa = PBXBuildFile; fileRef = 952967FA2A337E1D00AB7EFD /* Coordinator.swift */; };
		952967FD2A337E4F00AB7EFD /* DeinitLogger.swift in Sources */ = {isa = PBXBuildFile; fileRef = 952967FC2A337E4F00AB7EFD /* DeinitLogger.swift */; };
		952968002A3382DD00AB7EFD /* ViewController.swift in Sources */ = {isa = PBXBuildFile; fileRef = 952967FF2A3382DD00AB7EFD /* ViewController.swift */; };
		952968022A33833300AB7EFD /* ViewModelProtocol.swift in Sources */ = {isa = PBXBuildFile; fileRef = 952968012A33833300AB7EFD /* ViewModelProtocol.swift */; };
		954A15622A325528001E8C30 /* AppDelegate.swift in Sources */ = {isa = PBXBuildFile; fileRef = 954A15612A325528001E8C30 /* AppDelegate.swift */; };
		954A15692A325528001E8C30 /* Main.storyboard in Resources */ = {isa = PBXBuildFile; fileRef = 954A15672A325528001E8C30 /* Main.storyboard */; };
		954A156C2A325528001E8C30 /* NewYorkTimes.xcdatamodeld in Sources */ = {isa = PBXBuildFile; fileRef = 954A156A2A325528001E8C30 /* NewYorkTimes.xcdatamodeld */; };
		954A156E2A325529001E8C30 /* Assets.xcassets in Resources */ = {isa = PBXBuildFile; fileRef = 954A156D2A325529001E8C30 /* Assets.xcassets */; };
		954A157C2A325529001E8C30 /* NewYorkTimesTests.swift in Sources */ = {isa = PBXBuildFile; fileRef = 954A157B2A325529001E8C30 /* NewYorkTimesTests.swift */; };
		954A15862A325529001E8C30 /* NewYorkTimesUITests.swift in Sources */ = {isa = PBXBuildFile; fileRef = 954A15852A325529001E8C30 /* NewYorkTimesUITests.swift */; };
		954A15882A325529001E8C30 /* NewYorkTimesUITestsLaunchTests.swift in Sources */ = {isa = PBXBuildFile; fileRef = 954A15872A325529001E8C30 /* NewYorkTimesUITestsLaunchTests.swift */; };
		95C738F52A371B5C0014746D /* RXSwift.swift in Sources */ = {isa = PBXBuildFile; fileRef = 95C738F42A371B5C0014746D /* RXSwift.swift */; };
		95C738F72A371BC50014746D /* NetworkError.swift in Sources */ = {isa = PBXBuildFile; fileRef = 95C738F62A371BC50014746D /* NetworkError.swift */; };
		95C738FA2A379EAC0014746D /* ServiceHolder.swift in Sources */ = {isa = PBXBuildFile; fileRef = 95C738F92A379EAC0014746D /* ServiceHolder.swift */; };
		95F3E6E72A364F9B0035050A /* Constants.swift in Sources */ = {isa = PBXBuildFile; fileRef = 95F3E6E62A364F9B0035050A /* Constants.swift */; };
		F2E05687937B95E31B1414E2 /* Pods_NewYorkTimes.framework in Frameworks */ = {isa = PBXBuildFile; fileRef = 3FCCEDDE488BE4FA8F7584BC /* Pods_NewYorkTimes.framework */; };
		FD16207FB33A68A4648B6C7C /* Pods_NewYorkTimesTests.framework in Frameworks */ = {isa = PBXBuildFile; fileRef = 31BDD17F80E6002A18DA913D /* Pods_NewYorkTimesTests.framework */; };
/* End PBXBuildFile section */

/* Begin PBXContainerItemProxy section */
		954A15782A325529001E8C30 /* PBXContainerItemProxy */ = {
			isa = PBXContainerItemProxy;
			containerPortal = 954A15562A325528001E8C30 /* Project object */;
			proxyType = 1;
			remoteGlobalIDString = 954A155D2A325528001E8C30;
			remoteInfo = NewYorkTimes;
		};
		954A15822A325529001E8C30 /* PBXContainerItemProxy */ = {
			isa = PBXContainerItemProxy;
			containerPortal = 954A15562A325528001E8C30 /* Project object */;
			proxyType = 1;
			remoteGlobalIDString = 954A155D2A325528001E8C30;
			remoteInfo = NewYorkTimes;
		};
/* End PBXContainerItemProxy section */

/* Begin PBXFileReference section */
		0F8E7009B4EF047B028B1240 /* Pods_NewYorkTimes_NewYorkTimesUITests.framework */ = {isa = PBXFileReference; explicitFileType = wrapper.framework; includeInIndex = 0; path = Pods_NewYorkTimes_NewYorkTimesUITests.framework; sourceTree = BUILT_PRODUCTS_DIR; };
		1A5CD63F0EB42CC22E40E976 /* Pods-NewYorkTimes-NewYorkTimesUITests.release.xcconfig */ = {isa = PBXFileReference; includeInIndex = 1; lastKnownFileType = text.xcconfig; name = "Pods-NewYorkTimes-NewYorkTimesUITests.release.xcconfig"; path = "Target Support Files/Pods-NewYorkTimes-NewYorkTimesUITests/Pods-NewYorkTimes-NewYorkTimesUITests.release.xcconfig"; sourceTree = "<group>"; };
		1CF2FFC91AE82C06F38541EE /* Pods-NewYorkTimes.debug.xcconfig */ = {isa = PBXFileReference; includeInIndex = 1; lastKnownFileType = text.xcconfig; name = "Pods-NewYorkTimes.debug.xcconfig"; path = "Target Support Files/Pods-NewYorkTimes/Pods-NewYorkTimes.debug.xcconfig"; sourceTree = "<group>"; };
		31BDD17F80E6002A18DA913D /* Pods_NewYorkTimesTests.framework */ = {isa = PBXFileReference; explicitFileType = wrapper.framework; includeInIndex = 0; path = Pods_NewYorkTimesTests.framework; sourceTree = BUILT_PRODUCTS_DIR; };
		377943D85D8FDA4A3781A1D6 /* Pods-NewYorkTimesTests.debug.xcconfig */ = {isa = PBXFileReference; includeInIndex = 1; lastKnownFileType = text.xcconfig; name = "Pods-NewYorkTimesTests.debug.xcconfig"; path = "Target Support Files/Pods-NewYorkTimesTests/Pods-NewYorkTimesTests.debug.xcconfig"; sourceTree = "<group>"; };
		3FCCEDDE488BE4FA8F7584BC /* Pods_NewYorkTimes.framework */ = {isa = PBXFileReference; explicitFileType = wrapper.framework; includeInIndex = 0; path = Pods_NewYorkTimes.framework; sourceTree = BUILT_PRODUCTS_DIR; };
		865E8F08A5983399BBC516FF /* Pods-NewYorkTimesTests.release.xcconfig */ = {isa = PBXFileReference; includeInIndex = 1; lastKnownFileType = text.xcconfig; name = "Pods-NewYorkTimesTests.release.xcconfig"; path = "Target Support Files/Pods-NewYorkTimesTests/Pods-NewYorkTimesTests.release.xcconfig"; sourceTree = "<group>"; };
		95255D312A3268C600FD6F03 /* AppCoordinator.swift */ = {isa = PBXFileReference; fileEncoding = 4; lastKnownFileType = sourcecode.swift; path = AppCoordinator.swift; sourceTree = "<group>"; };
		95255D352A3268D200FD6F03 /* Storyboard.swift */ = {isa = PBXFileReference; fileEncoding = 4; lastKnownFileType = sourcecode.swift; path = Storyboard.swift; sourceTree = "<group>"; };
		95255D392A3268DB00FD6F03 /* SplashCoordinator.swift */ = {isa = PBXFileReference; fileEncoding = 4; lastKnownFileType = sourcecode.swift; path = SplashCoordinator.swift; sourceTree = "<group>"; };
		95255D3A2A3268DB00FD6F03 /* SplashViewController.swift */ = {isa = PBXFileReference; fileEncoding = 4; lastKnownFileType = sourcecode.swift; path = SplashViewController.swift; sourceTree = "<group>"; };
		95255D3D2A3268F000FD6F03 /* Splash.storyboard */ = {isa = PBXFileReference; fileEncoding = 4; lastKnownFileType = file.storyboard; path = Splash.storyboard; sourceTree = "<group>"; };
		95255D3F2A326A7F00FD6F03 /* SceneDelegate.swift */ = {isa = PBXFileReference; fileEncoding = 4; lastKnownFileType = sourcecode.swift; path = SceneDelegate.swift; sourceTree = "<group>"; };
		95284E662A35E42400DD8ACA /* UseCaseFactory.swift */ = {isa = PBXFileReference; lastKnownFileType = sourcecode.swift; path = UseCaseFactory.swift; sourceTree = "<group>"; };
		95284E692A35E51700DD8ACA /* NewsUseCase.swift */ = {isa = PBXFileReference; lastKnownFileType = sourcecode.swift; path = NewsUseCase.swift; sourceTree = "<group>"; };
		95284E6C2A35E56100DD8ACA /* NetworkProvider.swift */ = {isa = PBXFileReference; lastKnownFileType = sourcecode.swift; path = NetworkProvider.swift; sourceTree = "<group>"; };
		95284E6F2A35E5D900DD8ACA /* NewsEndpoints.swift */ = {isa = PBXFileReference; lastKnownFileType = sourcecode.swift; path = NewsEndpoints.swift; sourceTree = "<group>"; };
		95284E742A35E6BF00DD8ACA /* NewsResponce.swift */ = {isa = PBXFileReference; lastKnownFileType = sourcecode.swift; path = NewsResponce.swift; sourceTree = "<group>"; };
		95284E762A35E82C00DD8ACA /* BaseResponce.swift */ = {isa = PBXFileReference; lastKnownFileType = sourcecode.swift; path = BaseResponce.swift; sourceTree = "<group>"; };
		95284E782A35EB9800DD8ACA /* BaseRequestData.swift */ = {isa = PBXFileReference; lastKnownFileType = sourcecode.swift; path = BaseRequestData.swift; sourceTree = "<group>"; };
		95284E7C2A360D6D00DD8ACA /* Data.swift */ = {isa = PBXFileReference; lastKnownFileType = sourcecode.swift; path = Data.swift; sourceTree = "<group>"; };
		95284E7F2A360D8200DD8ACA /* Encodable.swift */ = {isa = PBXFileReference; lastKnownFileType = sourcecode.swift; path = Encodable.swift; sourceTree = "<group>"; };
		95284E812A360DD400DD8ACA /* NewsRequestData.swift */ = {isa = PBXFileReference; lastKnownFileType = sourcecode.swift; path = NewsRequestData.swift; sourceTree = "<group>"; };
		95284E872A3612B700DD8ACA /* ApiKeyProvider.swift */ = {isa = PBXFileReference; lastKnownFileType = sourcecode.swift; path = ApiKeyProvider.swift; sourceTree = "<group>"; };
		952967FA2A337E1D00AB7EFD /* Coordinator.swift */ = {isa = PBXFileReference; lastKnownFileType = sourcecode.swift; path = Coordinator.swift; sourceTree = "<group>"; };
		952967FC2A337E4F00AB7EFD /* DeinitLogger.swift */ = {isa = PBXFileReference; lastKnownFileType = sourcecode.swift; path = DeinitLogger.swift; sourceTree = "<group>"; };
		952967FF2A3382DD00AB7EFD /* ViewController.swift */ = {isa = PBXFileReference; lastKnownFileType = sourcecode.swift; path = ViewController.swift; sourceTree = "<group>"; };
		952968012A33833300AB7EFD /* ViewModelProtocol.swift */ = {isa = PBXFileReference; lastKnownFileType = sourcecode.swift; path = ViewModelProtocol.swift; sourceTree = "<group>"; };
		954A155E2A325528001E8C30 /* NewYorkTimes.app */ = {isa = PBXFileReference; explicitFileType = wrapper.application; includeInIndex = 0; path = NewYorkTimes.app; sourceTree = BUILT_PRODUCTS_DIR; };
		954A15612A325528001E8C30 /* AppDelegate.swift */ = {isa = PBXFileReference; lastKnownFileType = sourcecode.swift; path = AppDelegate.swift; sourceTree = "<group>"; };
		954A15682A325528001E8C30 /* Base */ = {isa = PBXFileReference; lastKnownFileType = file.storyboard; name = Base; path = Base.lproj/Main.storyboard; sourceTree = "<group>"; };
		954A156B2A325528001E8C30 /* NewYorkTimes.xcdatamodel */ = {isa = PBXFileReference; lastKnownFileType = wrapper.xcdatamodel; path = NewYorkTimes.xcdatamodel; sourceTree = "<group>"; };
		954A156D2A325529001E8C30 /* Assets.xcassets */ = {isa = PBXFileReference; lastKnownFileType = folder.assetcatalog; path = Assets.xcassets; sourceTree = "<group>"; };
		954A15722A325529001E8C30 /* Info.plist */ = {isa = PBXFileReference; lastKnownFileType = text.plist.xml; path = Info.plist; sourceTree = "<group>"; };
		954A15772A325529001E8C30 /* NewYorkTimesTests.xctest */ = {isa = PBXFileReference; explicitFileType = wrapper.cfbundle; includeInIndex = 0; path = NewYorkTimesTests.xctest; sourceTree = BUILT_PRODUCTS_DIR; };
		954A157B2A325529001E8C30 /* NewYorkTimesTests.swift */ = {isa = PBXFileReference; lastKnownFileType = sourcecode.swift; path = NewYorkTimesTests.swift; sourceTree = "<group>"; };
		954A15812A325529001E8C30 /* NewYorkTimesUITests.xctest */ = {isa = PBXFileReference; explicitFileType = wrapper.cfbundle; includeInIndex = 0; path = NewYorkTimesUITests.xctest; sourceTree = BUILT_PRODUCTS_DIR; };
		954A15852A325529001E8C30 /* NewYorkTimesUITests.swift */ = {isa = PBXFileReference; lastKnownFileType = sourcecode.swift; path = NewYorkTimesUITests.swift; sourceTree = "<group>"; };
		954A15872A325529001E8C30 /* NewYorkTimesUITestsLaunchTests.swift */ = {isa = PBXFileReference; lastKnownFileType = sourcecode.swift; path = NewYorkTimesUITestsLaunchTests.swift; sourceTree = "<group>"; };
		954F9267D196C36238C377B6 /* Pods-NewYorkTimes-NewYorkTimesUITests.debug.xcconfig */ = {isa = PBXFileReference; includeInIndex = 1; lastKnownFileType = text.xcconfig; name = "Pods-NewYorkTimes-NewYorkTimesUITests.debug.xcconfig"; path = "Target Support Files/Pods-NewYorkTimes-NewYorkTimesUITests/Pods-NewYorkTimes-NewYorkTimesUITests.debug.xcconfig"; sourceTree = "<group>"; };
		95C738F42A371B5C0014746D /* RXSwift.swift */ = {isa = PBXFileReference; lastKnownFileType = sourcecode.swift; path = RXSwift.swift; sourceTree = "<group>"; };
		95C738F62A371BC50014746D /* NetworkError.swift */ = {isa = PBXFileReference; lastKnownFileType = sourcecode.swift; path = NetworkError.swift; sourceTree = "<group>"; };
		95C738F92A379EAC0014746D /* ServiceHolder.swift */ = {isa = PBXFileReference; fileEncoding = 4; lastKnownFileType = sourcecode.swift; path = ServiceHolder.swift; sourceTree = "<group>"; };
		95F3E6E62A364F9B0035050A /* Constants.swift */ = {isa = PBXFileReference; lastKnownFileType = sourcecode.swift; path = Constants.swift; sourceTree = "<group>"; };
		B4D89E5D1A67EFB717A5C2AE /* Pods-NewYorkTimes.release.xcconfig */ = {isa = PBXFileReference; includeInIndex = 1; lastKnownFileType = text.xcconfig; name = "Pods-NewYorkTimes.release.xcconfig"; path = "Target Support Files/Pods-NewYorkTimes/Pods-NewYorkTimes.release.xcconfig"; sourceTree = "<group>"; };
/* End PBXFileReference section */

/* Begin PBXFrameworksBuildPhase section */
		954A155B2A325528001E8C30 /* Frameworks */ = {
			isa = PBXFrameworksBuildPhase;
			buildActionMask = 2147483647;
			files = (
				F2E05687937B95E31B1414E2 /* Pods_NewYorkTimes.framework in Frameworks */,
			);
			runOnlyForDeploymentPostprocessing = 0;
		};
		954A15742A325529001E8C30 /* Frameworks */ = {
			isa = PBXFrameworksBuildPhase;
			buildActionMask = 2147483647;
			files = (
				FD16207FB33A68A4648B6C7C /* Pods_NewYorkTimesTests.framework in Frameworks */,
			);
			runOnlyForDeploymentPostprocessing = 0;
		};
		954A157E2A325529001E8C30 /* Frameworks */ = {
			isa = PBXFrameworksBuildPhase;
			buildActionMask = 2147483647;
			files = (
				1FBBD811A7634BC541253BA2 /* Pods_NewYorkTimes_NewYorkTimesUITests.framework in Frameworks */,
			);
			runOnlyForDeploymentPostprocessing = 0;
		};
/* End PBXFrameworksBuildPhase section */

/* Begin PBXGroup section */
		66210D8DE179ADCD55B5ABD4 /* Pods */ = {
			isa = PBXGroup;
			children = (
				1CF2FFC91AE82C06F38541EE /* Pods-NewYorkTimes.debug.xcconfig */,
				B4D89E5D1A67EFB717A5C2AE /* Pods-NewYorkTimes.release.xcconfig */,
				954F9267D196C36238C377B6 /* Pods-NewYorkTimes-NewYorkTimesUITests.debug.xcconfig */,
				1A5CD63F0EB42CC22E40E976 /* Pods-NewYorkTimes-NewYorkTimesUITests.release.xcconfig */,
				377943D85D8FDA4A3781A1D6 /* Pods-NewYorkTimesTests.debug.xcconfig */,
				865E8F08A5983399BBC516FF /* Pods-NewYorkTimesTests.release.xcconfig */,
			);
			path = Pods;
			sourceTree = "<group>";
		};
		95255D2F2A32684900FD6F03 /* AssetAndInfo */ = {
			isa = PBXGroup;
			children = (
				95F3E6E62A364F9B0035050A /* Constants.swift */,
				954A15722A325529001E8C30 /* Info.plist */,
				954A156D2A325529001E8C30 /* Assets.xcassets */,
			);
			path = AssetAndInfo;
			sourceTree = "<group>";
		};
		95255D302A3268C600FD6F03 /* Coordinator */ = {
			isa = PBXGroup;
			children = (
				95255D312A3268C600FD6F03 /* AppCoordinator.swift */,
			);
			path = Coordinator;
			sourceTree = "<group>";
		};
		95255D342A3268D200FD6F03 /* Helper */ = {
			isa = PBXGroup;
			children = (
				95284E652A35E3FE00DD8ACA /* MVVM+Coordinator */,
				95255D352A3268D200FD6F03 /* Storyboard.swift */,
				952967FC2A337E4F00AB7EFD /* DeinitLogger.swift */,
			);
			path = Helper;
			sourceTree = "<group>";
		};
		95255D372A3268DB00FD6F03 /* Scene */ = {
			isa = PBXGroup;
			children = (
				95255D382A3268DB00FD6F03 /* Splash */,
			);
			path = Scene;
			sourceTree = "<group>";
		};
		95255D382A3268DB00FD6F03 /* Splash */ = {
			isa = PBXGroup;
			children = (
				95255D392A3268DB00FD6F03 /* SplashCoordinator.swift */,
				95255D3A2A3268DB00FD6F03 /* SplashViewController.swift */,
			);
			path = Splash;
			sourceTree = "<group>";
		};
		95284E642A35E3D300DD8ACA /* Network */ = {
			isa = PBXGroup;
			children = (
				95284E6C2A35E56100DD8ACA /* NetworkProvider.swift */,
				95284E872A3612B700DD8ACA /* ApiKeyProvider.swift */,
				95284E662A35E42400DD8ACA /* UseCaseFactory.swift */,
				95284E682A35E49A00DD8ACA /* UseCase */,
				95284E6E2A35E5C900DD8ACA /* Endpoint */,
				95284E712A35E61000DD8ACA /* Model */,
			);
			path = Network;
			sourceTree = "<group>";
		};
		95284E652A35E3FE00DD8ACA /* MVVM+Coordinator */ = {
			isa = PBXGroup;
			children = (
				952967FA2A337E1D00AB7EFD /* Coordinator.swift */,
				952968012A33833300AB7EFD /* ViewModelProtocol.swift */,
				952967FF2A3382DD00AB7EFD /* ViewController.swift */,
			);
			path = "MVVM+Coordinator";
			sourceTree = "<group>";
		};
		95284E682A35E49A00DD8ACA /* UseCase */ = {
			isa = PBXGroup;
			children = (
				95284E692A35E51700DD8ACA /* NewsUseCase.swift */,
			);
			path = UseCase;
			sourceTree = "<group>";
		};
		95284E6E2A35E5C900DD8ACA /* Endpoint */ = {
			isa = PBXGroup;
			children = (
				95284E6F2A35E5D900DD8ACA /* NewsEndpoints.swift */,
			);
			path = Endpoint;
			sourceTree = "<group>";
		};
		95284E712A35E61000DD8ACA /* Model */ = {
			isa = PBXGroup;
			children = (
				95284E722A35E62900DD8ACA /* Request */,
				95284E732A35E63400DD8ACA /* Responce */,
			);
			path = Model;
			sourceTree = "<group>";
		};
		95284E722A35E62900DD8ACA /* Request */ = {
			isa = PBXGroup;
			children = (
				95284E782A35EB9800DD8ACA /* BaseRequestData.swift */,
				95284E812A360DD400DD8ACA /* NewsRequestData.swift */,
			);
			path = Request;
			sourceTree = "<group>";
		};
		95284E732A35E63400DD8ACA /* Responce */ = {
			isa = PBXGroup;
			children = (
				95284E762A35E82C00DD8ACA /* BaseResponce.swift */,
				95284E742A35E6BF00DD8ACA /* NewsResponce.swift */,
				95C738F62A371BC50014746D /* NetworkError.swift */,
			);
			path = Responce;
			sourceTree = "<group>";
		};
		95284E7B2A360D6500DD8ACA /* Extension */ = {
			isa = PBXGroup;
			children = (
				95284E7C2A360D6D00DD8ACA /* Data.swift */,
				95284E7F2A360D8200DD8ACA /* Encodable.swift */,
				95C738F42A371B5C0014746D /* RXSwift.swift */,
			);
			path = Extension;
			sourceTree = "<group>";
		};
		952967F82A331D2400AB7EFD /* CoreData */ = {
			isa = PBXGroup;
			children = (
				954A156A2A325528001E8C30 /* NewYorkTimes.xcdatamodeld */,
			);
			path = CoreData;
			sourceTree = "<group>";
		};
		952967F92A331D3C00AB7EFD /* Storyboard */ = {
			isa = PBXGroup;
			children = (
				95255D3D2A3268F000FD6F03 /* Splash.storyboard */,
				954A15672A325528001E8C30 /* Main.storyboard */,
			);
			path = Storyboard;
			sourceTree = "<group>";
		};
		952967FE2A337E9600AB7EFD /* Delegate */ = {
			isa = PBXGroup;
			children = (
				95255D3F2A326A7F00FD6F03 /* SceneDelegate.swift */,
				954A15612A325528001E8C30 /* AppDelegate.swift */,
			);
			path = Delegate;
			sourceTree = "<group>";
		};
		954A15552A325528001E8C30 = {
			isa = PBXGroup;
			children = (
				954A15602A325528001E8C30 /* NewYorkTimes */,
				954A157A2A325529001E8C30 /* NewYorkTimesTests */,
				954A15842A325529001E8C30 /* NewYorkTimesUITests */,
				954A155F2A325528001E8C30 /* Products */,
				66210D8DE179ADCD55B5ABD4 /* Pods */,
				EAF336DCFB20EBDB9D8A22AC /* Frameworks */,
			);
			sourceTree = "<group>";
		};
		954A155F2A325528001E8C30 /* Products */ = {
			isa = PBXGroup;
			children = (
				954A155E2A325528001E8C30 /* NewYorkTimes.app */,
				954A15772A325529001E8C30 /* NewYorkTimesTests.xctest */,
				954A15812A325529001E8C30 /* NewYorkTimesUITests.xctest */,
			);
			name = Products;
			sourceTree = "<group>";
		};
		954A15602A325528001E8C30 /* NewYorkTimes */ = {
			isa = PBXGroup;
			children = (
				952967FE2A337E9600AB7EFD /* Delegate */,
				95255D302A3268C600FD6F03 /* Coordinator */,
				95255D372A3268DB00FD6F03 /* Scene */,
				952967F92A331D3C00AB7EFD /* Storyboard */,
				95255D342A3268D200FD6F03 /* Helper */,
				95C738F82A379EA30014746D /* Service */,
				95284E642A35E3D300DD8ACA /* Network */,
				95284E7B2A360D6500DD8ACA /* Extension */,
				952967F82A331D2400AB7EFD /* CoreData */,
				95255D2F2A32684900FD6F03 /* AssetAndInfo */,
			);
			path = NewYorkTimes;
			sourceTree = "<group>";
		};
		954A157A2A325529001E8C30 /* NewYorkTimesTests */ = {
			isa = PBXGroup;
			children = (
				954A157B2A325529001E8C30 /* NewYorkTimesTests.swift */,
			);
			path = NewYorkTimesTests;
			sourceTree = "<group>";
		};
		954A15842A325529001E8C30 /* NewYorkTimesUITests */ = {
			isa = PBXGroup;
			children = (
				954A15852A325529001E8C30 /* NewYorkTimesUITests.swift */,
				954A15872A325529001E8C30 /* NewYorkTimesUITestsLaunchTests.swift */,
			);
			path = NewYorkTimesUITests;
			sourceTree = "<group>";
		};
		95C738F82A379EA30014746D /* Service */ = {
			isa = PBXGroup;
			children = (
				95C738F92A379EAC0014746D /* ServiceHolder.swift */,
			);
			path = Service;
			sourceTree = "<group>";
		};
		EAF336DCFB20EBDB9D8A22AC /* Frameworks */ = {
			isa = PBXGroup;
			children = (
				3FCCEDDE488BE4FA8F7584BC /* Pods_NewYorkTimes.framework */,
				0F8E7009B4EF047B028B1240 /* Pods_NewYorkTimes_NewYorkTimesUITests.framework */,
				31BDD17F80E6002A18DA913D /* Pods_NewYorkTimesTests.framework */,
			);
			name = Frameworks;
			sourceTree = "<group>";
		};
/* End PBXGroup section */

/* Begin PBXNativeTarget section */
		954A155D2A325528001E8C30 /* NewYorkTimes */ = {
			isa = PBXNativeTarget;
			buildConfigurationList = 954A158B2A325529001E8C30 /* Build configuration list for PBXNativeTarget "NewYorkTimes" */;
			buildPhases = (
				850E56278A304ADEA1A953E1 /* [CP] Check Pods Manifest.lock */,
				954A155A2A325528001E8C30 /* Sources */,
				954A155B2A325528001E8C30 /* Frameworks */,
				954A155C2A325528001E8C30 /* Resources */,
				0D66B311FCC1EDE24F9BA2FA /* [CP] Embed Pods Frameworks */,
			);
			buildRules = (
			);
			dependencies = (
			);
			name = NewYorkTimes;
			productName = NewYorkTimes;
			productReference = 954A155E2A325528001E8C30 /* NewYorkTimes.app */;
			productType = "com.apple.product-type.application";
		};
		954A15762A325529001E8C30 /* NewYorkTimesTests */ = {
			isa = PBXNativeTarget;
			buildConfigurationList = 954A158E2A325529001E8C30 /* Build configuration list for PBXNativeTarget "NewYorkTimesTests" */;
			buildPhases = (
				EB9BBE2BC60BC7C2A16EF33E /* [CP] Check Pods Manifest.lock */,
				954A15732A325529001E8C30 /* Sources */,
				954A15742A325529001E8C30 /* Frameworks */,
				954A15752A325529001E8C30 /* Resources */,
			);
			buildRules = (
			);
			dependencies = (
				954A15792A325529001E8C30 /* PBXTargetDependency */,
			);
			name = NewYorkTimesTests;
			productName = NewYorkTimesTests;
			productReference = 954A15772A325529001E8C30 /* NewYorkTimesTests.xctest */;
			productType = "com.apple.product-type.bundle.unit-test";
		};
		954A15802A325529001E8C30 /* NewYorkTimesUITests */ = {
			isa = PBXNativeTarget;
			buildConfigurationList = 954A15912A325529001E8C30 /* Build configuration list for PBXNativeTarget "NewYorkTimesUITests" */;
			buildPhases = (
				BFEED6808FDF7AAA92DD2CA9 /* [CP] Check Pods Manifest.lock */,
				954A157D2A325529001E8C30 /* Sources */,
				954A157E2A325529001E8C30 /* Frameworks */,
				954A157F2A325529001E8C30 /* Resources */,
				0D625E33C2C81899BA3555DA /* [CP] Embed Pods Frameworks */,
			);
			buildRules = (
			);
			dependencies = (
				954A15832A325529001E8C30 /* PBXTargetDependency */,
			);
			name = NewYorkTimesUITests;
			productName = NewYorkTimesUITests;
			productReference = 954A15812A325529001E8C30 /* NewYorkTimesUITests.xctest */;
			productType = "com.apple.product-type.bundle.ui-testing";
		};
/* End PBXNativeTarget section */

/* Begin PBXProject section */
		954A15562A325528001E8C30 /* Project object */ = {
			isa = PBXProject;
			attributes = {
				BuildIndependentTargetsInParallel = 1;
				LastSwiftUpdateCheck = 1430;
				LastUpgradeCheck = 1430;
				TargetAttributes = {
					954A155D2A325528001E8C30 = {
						CreatedOnToolsVersion = 14.3;
					};
					954A15762A325529001E8C30 = {
						CreatedOnToolsVersion = 14.3;
						TestTargetID = 954A155D2A325528001E8C30;
					};
					954A15802A325529001E8C30 = {
						CreatedOnToolsVersion = 14.3;
						TestTargetID = 954A155D2A325528001E8C30;
					};
				};
			};
			buildConfigurationList = 954A15592A325528001E8C30 /* Build configuration list for PBXProject "NewYorkTimes" */;
			compatibilityVersion = "Xcode 14.0";
			developmentRegion = en;
			hasScannedForEncodings = 0;
			knownRegions = (
				en,
				Base,
			);
			mainGroup = 954A15552A325528001E8C30;
			productRefGroup = 954A155F2A325528001E8C30 /* Products */;
			projectDirPath = "";
			projectRoot = "";
			targets = (
				954A155D2A325528001E8C30 /* NewYorkTimes */,
				954A15762A325529001E8C30 /* NewYorkTimesTests */,
				954A15802A325529001E8C30 /* NewYorkTimesUITests */,
			);
		};
/* End PBXProject section */

/* Begin PBXResourcesBuildPhase section */
		954A155C2A325528001E8C30 /* Resources */ = {
			isa = PBXResourcesBuildPhase;
			buildActionMask = 2147483647;
			files = (
				954A156E2A325529001E8C30 /* Assets.xcassets in Resources */,
				954A15692A325528001E8C30 /* Main.storyboard in Resources */,
				95255D3E2A3268F000FD6F03 /* Splash.storyboard in Resources */,
			);
			runOnlyForDeploymentPostprocessing = 0;
		};
		954A15752A325529001E8C30 /* Resources */ = {
			isa = PBXResourcesBuildPhase;
			buildActionMask = 2147483647;
			files = (
			);
			runOnlyForDeploymentPostprocessing = 0;
		};
		954A157F2A325529001E8C30 /* Resources */ = {
			isa = PBXResourcesBuildPhase;
			buildActionMask = 2147483647;
			files = (
			);
			runOnlyForDeploymentPostprocessing = 0;
		};
/* End PBXResourcesBuildPhase section */

/* Begin PBXShellScriptBuildPhase section */
		0D625E33C2C81899BA3555DA /* [CP] Embed Pods Frameworks */ = {
			isa = PBXShellScriptBuildPhase;
			buildActionMask = 2147483647;
			files = (
			);
			inputFileListPaths = (
				"${PODS_ROOT}/Target Support Files/Pods-NewYorkTimes-NewYorkTimesUITests/Pods-NewYorkTimes-NewYorkTimesUITests-frameworks-${CONFIGURATION}-input-files.xcfilelist",
			);
			name = "[CP] Embed Pods Frameworks";
			outputFileListPaths = (
				"${PODS_ROOT}/Target Support Files/Pods-NewYorkTimes-NewYorkTimesUITests/Pods-NewYorkTimes-NewYorkTimesUITests-frameworks-${CONFIGURATION}-output-files.xcfilelist",
			);
			runOnlyForDeploymentPostprocessing = 0;
			shellPath = /bin/sh;
			shellScript = "\"${PODS_ROOT}/Target Support Files/Pods-NewYorkTimes-NewYorkTimesUITests/Pods-NewYorkTimes-NewYorkTimesUITests-frameworks.sh\"\n";
			showEnvVarsInLog = 0;
		};
		0D66B311FCC1EDE24F9BA2FA /* [CP] Embed Pods Frameworks */ = {
			isa = PBXShellScriptBuildPhase;
			buildActionMask = 2147483647;
			files = (
			);
			inputFileListPaths = (
				"${PODS_ROOT}/Target Support Files/Pods-NewYorkTimes/Pods-NewYorkTimes-frameworks-${CONFIGURATION}-input-files.xcfilelist",
			);
			name = "[CP] Embed Pods Frameworks";
			outputFileListPaths = (
				"${PODS_ROOT}/Target Support Files/Pods-NewYorkTimes/Pods-NewYorkTimes-frameworks-${CONFIGURATION}-output-files.xcfilelist",
			);
			runOnlyForDeploymentPostprocessing = 0;
			shellPath = /bin/sh;
			shellScript = "\"${PODS_ROOT}/Target Support Files/Pods-NewYorkTimes/Pods-NewYorkTimes-frameworks.sh\"\n";
			showEnvVarsInLog = 0;
		};
		850E56278A304ADEA1A953E1 /* [CP] Check Pods Manifest.lock */ = {
			isa = PBXShellScriptBuildPhase;
			buildActionMask = 2147483647;
			files = (
			);
			inputFileListPaths = (
			);
			inputPaths = (
				"${PODS_PODFILE_DIR_PATH}/Podfile.lock",
				"${PODS_ROOT}/Manifest.lock",
			);
			name = "[CP] Check Pods Manifest.lock";
			outputFileListPaths = (
			);
			outputPaths = (
				"$(DERIVED_FILE_DIR)/Pods-NewYorkTimes-checkManifestLockResult.txt",
			);
			runOnlyForDeploymentPostprocessing = 0;
			shellPath = /bin/sh;
			shellScript = "diff \"${PODS_PODFILE_DIR_PATH}/Podfile.lock\" \"${PODS_ROOT}/Manifest.lock\" > /dev/null\nif [ $? != 0 ] ; then\n    # print error to STDERR\n    echo \"error: The sandbox is not in sync with the Podfile.lock. Run 'pod install' or update your CocoaPods installation.\" >&2\n    exit 1\nfi\n# This output is used by Xcode 'outputs' to avoid re-running this script phase.\necho \"SUCCESS\" > \"${SCRIPT_OUTPUT_FILE_0}\"\n";
			showEnvVarsInLog = 0;
		};
		BFEED6808FDF7AAA92DD2CA9 /* [CP] Check Pods Manifest.lock */ = {
			isa = PBXShellScriptBuildPhase;
			buildActionMask = 2147483647;
			files = (
			);
			inputFileListPaths = (
			);
			inputPaths = (
				"${PODS_PODFILE_DIR_PATH}/Podfile.lock",
				"${PODS_ROOT}/Manifest.lock",
			);
			name = "[CP] Check Pods Manifest.lock";
			outputFileListPaths = (
			);
			outputPaths = (
				"$(DERIVED_FILE_DIR)/Pods-NewYorkTimes-NewYorkTimesUITests-checkManifestLockResult.txt",
			);
			runOnlyForDeploymentPostprocessing = 0;
			shellPath = /bin/sh;
			shellScript = "diff \"${PODS_PODFILE_DIR_PATH}/Podfile.lock\" \"${PODS_ROOT}/Manifest.lock\" > /dev/null\nif [ $? != 0 ] ; then\n    # print error to STDERR\n    echo \"error: The sandbox is not in sync with the Podfile.lock. Run 'pod install' or update your CocoaPods installation.\" >&2\n    exit 1\nfi\n# This output is used by Xcode 'outputs' to avoid re-running this script phase.\necho \"SUCCESS\" > \"${SCRIPT_OUTPUT_FILE_0}\"\n";
			showEnvVarsInLog = 0;
		};
		EB9BBE2BC60BC7C2A16EF33E /* [CP] Check Pods Manifest.lock */ = {
			isa = PBXShellScriptBuildPhase;
			buildActionMask = 2147483647;
			files = (
			);
			inputFileListPaths = (
			);
			inputPaths = (
				"${PODS_PODFILE_DIR_PATH}/Podfile.lock",
				"${PODS_ROOT}/Manifest.lock",
			);
			name = "[CP] Check Pods Manifest.lock";
			outputFileListPaths = (
			);
			outputPaths = (
				"$(DERIVED_FILE_DIR)/Pods-NewYorkTimesTests-checkManifestLockResult.txt",
			);
			runOnlyForDeploymentPostprocessing = 0;
			shellPath = /bin/sh;
			shellScript = "diff \"${PODS_PODFILE_DIR_PATH}/Podfile.lock\" \"${PODS_ROOT}/Manifest.lock\" > /dev/null\nif [ $? != 0 ] ; then\n    # print error to STDERR\n    echo \"error: The sandbox is not in sync with the Podfile.lock. Run 'pod install' or update your CocoaPods installation.\" >&2\n    exit 1\nfi\n# This output is used by Xcode 'outputs' to avoid re-running this script phase.\necho \"SUCCESS\" > \"${SCRIPT_OUTPUT_FILE_0}\"\n";
			showEnvVarsInLog = 0;
		};
/* End PBXShellScriptBuildPhase section */

/* Begin PBXSourcesBuildPhase section */
		954A155A2A325528001E8C30 /* Sources */ = {
			isa = PBXSourcesBuildPhase;
			buildActionMask = 2147483647;
			files = (
				952967FB2A337E1D00AB7EFD /* Coordinator.swift in Sources */,
				954A15622A325528001E8C30 /* AppDelegate.swift in Sources */,
				95284E822A360DD400DD8ACA /* NewsRequestData.swift in Sources */,
				95C738FA2A379EAC0014746D /* ServiceHolder.swift in Sources */,
				95284E772A35E82C00DD8ACA /* BaseResponce.swift in Sources */,
				95255D322A3268C600FD6F03 /* AppCoordinator.swift in Sources */,
				952968002A3382DD00AB7EFD /* ViewController.swift in Sources */,
				95F3E6E72A364F9B0035050A /* Constants.swift in Sources */,
				95284E672A35E42400DD8ACA /* UseCaseFactory.swift in Sources */,
				952967FD2A337E4F00AB7EFD /* DeinitLogger.swift in Sources */,
				95284E702A35E5D900DD8ACA /* NewsEndpoints.swift in Sources */,
				954A156C2A325528001E8C30 /* NewYorkTimes.xcdatamodeld in Sources */,
				95255D3B2A3268DB00FD6F03 /* SplashCoordinator.swift in Sources */,
				95284E752A35E6BF00DD8ACA /* NewsResponce.swift in Sources */,
				95255D362A3268D200FD6F03 /* Storyboard.swift in Sources */,
				95284E6D2A35E56100DD8ACA /* NetworkProvider.swift in Sources */,
				95C738F52A371B5C0014746D /* RXSwift.swift in Sources */,
				95255D3C2A3268DB00FD6F03 /* SplashViewController.swift in Sources */,
				952968022A33833300AB7EFD /* ViewModelProtocol.swift in Sources */,
				95284E882A3612B700DD8ACA /* ApiKeyProvider.swift in Sources */,
				95C738F72A371BC50014746D /* NetworkError.swift in Sources */,
				95284E6A2A35E51700DD8ACA /* NewsUseCase.swift in Sources */,
				95284E7D2A360D6D00DD8ACA /* Data.swift in Sources */,
				95284E792A35EB9800DD8ACA /* BaseRequestData.swift in Sources */,
				95255D402A326A7F00FD6F03 /* SceneDelegate.swift in Sources */,
				95284E802A360D8200DD8ACA /* Encodable.swift in Sources */,
			);
			runOnlyForDeploymentPostprocessing = 0;
		};
		954A15732A325529001E8C30 /* Sources */ = {
			isa = PBXSourcesBuildPhase;
			buildActionMask = 2147483647;
			files = (
				954A157C2A325529001E8C30 /* NewYorkTimesTests.swift in Sources */,
			);
			runOnlyForDeploymentPostprocessing = 0;
		};
		954A157D2A325529001E8C30 /* Sources */ = {
			isa = PBXSourcesBuildPhase;
			buildActionMask = 2147483647;
			files = (
				954A15862A325529001E8C30 /* NewYorkTimesUITests.swift in Sources */,
				954A15882A325529001E8C30 /* NewYorkTimesUITestsLaunchTests.swift in Sources */,
			);
			runOnlyForDeploymentPostprocessing = 0;
		};
/* End PBXSourcesBuildPhase section */

/* Begin PBXTargetDependency section */
		954A15792A325529001E8C30 /* PBXTargetDependency */ = {
			isa = PBXTargetDependency;
			target = 954A155D2A325528001E8C30 /* NewYorkTimes */;
			targetProxy = 954A15782A325529001E8C30 /* PBXContainerItemProxy */;
		};
		954A15832A325529001E8C30 /* PBXTargetDependency */ = {
			isa = PBXTargetDependency;
			target = 954A155D2A325528001E8C30 /* NewYorkTimes */;
			targetProxy = 954A15822A325529001E8C30 /* PBXContainerItemProxy */;
		};
/* End PBXTargetDependency section */

/* Begin PBXVariantGroup section */
		954A15672A325528001E8C30 /* Main.storyboard */ = {
			isa = PBXVariantGroup;
			children = (
				954A15682A325528001E8C30 /* Base */,
			);
			name = Main.storyboard;
			sourceTree = "<group>";
		};
/* End PBXVariantGroup section */

/* Begin XCBuildConfiguration section */
		954A15892A325529001E8C30 /* Debug */ = {
			isa = XCBuildConfiguration;
			buildSettings = {
				ALWAYS_SEARCH_USER_PATHS = NO;
				CLANG_ANALYZER_NONNULL = YES;
				CLANG_ANALYZER_NUMBER_OBJECT_CONVERSION = YES_AGGRESSIVE;
				CLANG_CXX_LANGUAGE_STANDARD = "gnu++20";
				CLANG_ENABLE_MODULES = YES;
				CLANG_ENABLE_OBJC_ARC = YES;
				CLANG_ENABLE_OBJC_WEAK = YES;
				CLANG_WARN_BLOCK_CAPTURE_AUTORELEASING = YES;
				CLANG_WARN_BOOL_CONVERSION = YES;
				CLANG_WARN_COMMA = YES;
				CLANG_WARN_CONSTANT_CONVERSION = YES;
				CLANG_WARN_DEPRECATED_OBJC_IMPLEMENTATIONS = YES;
				CLANG_WARN_DIRECT_OBJC_ISA_USAGE = YES_ERROR;
				CLANG_WARN_DOCUMENTATION_COMMENTS = YES;
				CLANG_WARN_EMPTY_BODY = YES;
				CLANG_WARN_ENUM_CONVERSION = YES;
				CLANG_WARN_INFINITE_RECURSION = YES;
				CLANG_WARN_INT_CONVERSION = YES;
				CLANG_WARN_NON_LITERAL_NULL_CONVERSION = YES;
				CLANG_WARN_OBJC_IMPLICIT_RETAIN_SELF = YES;
				CLANG_WARN_OBJC_LITERAL_CONVERSION = YES;
				CLANG_WARN_OBJC_ROOT_CLASS = YES_ERROR;
				CLANG_WARN_QUOTED_INCLUDE_IN_FRAMEWORK_HEADER = YES;
				CLANG_WARN_RANGE_LOOP_ANALYSIS = YES;
				CLANG_WARN_STRICT_PROTOTYPES = YES;
				CLANG_WARN_SUSPICIOUS_MOVE = YES;
				CLANG_WARN_UNGUARDED_AVAILABILITY = YES_AGGRESSIVE;
				CLANG_WARN_UNREACHABLE_CODE = YES;
				CLANG_WARN__DUPLICATE_METHOD_MATCH = YES;
				COPY_PHASE_STRIP = NO;
				DEBUG_INFORMATION_FORMAT = dwarf;
				ENABLE_STRICT_OBJC_MSGSEND = YES;
				ENABLE_TESTABILITY = YES;
				GCC_C_LANGUAGE_STANDARD = gnu11;
				GCC_DYNAMIC_NO_PIC = NO;
				GCC_NO_COMMON_BLOCKS = YES;
				GCC_OPTIMIZATION_LEVEL = 0;
				GCC_PREPROCESSOR_DEFINITIONS = (
					"DEBUG=1",
					"$(inherited)",
				);
				GCC_WARN_64_TO_32_BIT_CONVERSION = YES;
				GCC_WARN_ABOUT_RETURN_TYPE = YES_ERROR;
				GCC_WARN_UNDECLARED_SELECTOR = YES;
				GCC_WARN_UNINITIALIZED_AUTOS = YES_AGGRESSIVE;
				GCC_WARN_UNUSED_FUNCTION = YES;
				GCC_WARN_UNUSED_VARIABLE = YES;
				IPHONEOS_DEPLOYMENT_TARGET = 16.4;
				MTL_ENABLE_DEBUG_INFO = INCLUDE_SOURCE;
				MTL_FAST_MATH = YES;
				ONLY_ACTIVE_ARCH = YES;
				SDKROOT = iphoneos;
				SWIFT_ACTIVE_COMPILATION_CONDITIONS = DEBUG;
				SWIFT_OPTIMIZATION_LEVEL = "-Onone";
			};
			name = Debug;
		};
		954A158A2A325529001E8C30 /* Release */ = {
			isa = XCBuildConfiguration;
			buildSettings = {
				ALWAYS_SEARCH_USER_PATHS = NO;
				CLANG_ANALYZER_NONNULL = YES;
				CLANG_ANALYZER_NUMBER_OBJECT_CONVERSION = YES_AGGRESSIVE;
				CLANG_CXX_LANGUAGE_STANDARD = "gnu++20";
				CLANG_ENABLE_MODULES = YES;
				CLANG_ENABLE_OBJC_ARC = YES;
				CLANG_ENABLE_OBJC_WEAK = YES;
				CLANG_WARN_BLOCK_CAPTURE_AUTORELEASING = YES;
				CLANG_WARN_BOOL_CONVERSION = YES;
				CLANG_WARN_COMMA = YES;
				CLANG_WARN_CONSTANT_CONVERSION = YES;
				CLANG_WARN_DEPRECATED_OBJC_IMPLEMENTATIONS = YES;
				CLANG_WARN_DIRECT_OBJC_ISA_USAGE = YES_ERROR;
				CLANG_WARN_DOCUMENTATION_COMMENTS = YES;
				CLANG_WARN_EMPTY_BODY = YES;
				CLANG_WARN_ENUM_CONVERSION = YES;
				CLANG_WARN_INFINITE_RECURSION = YES;
				CLANG_WARN_INT_CONVERSION = YES;
				CLANG_WARN_NON_LITERAL_NULL_CONVERSION = YES;
				CLANG_WARN_OBJC_IMPLICIT_RETAIN_SELF = YES;
				CLANG_WARN_OBJC_LITERAL_CONVERSION = YES;
				CLANG_WARN_OBJC_ROOT_CLASS = YES_ERROR;
				CLANG_WARN_QUOTED_INCLUDE_IN_FRAMEWORK_HEADER = YES;
				CLANG_WARN_RANGE_LOOP_ANALYSIS = YES;
				CLANG_WARN_STRICT_PROTOTYPES = YES;
				CLANG_WARN_SUSPICIOUS_MOVE = YES;
				CLANG_WARN_UNGUARDED_AVAILABILITY = YES_AGGRESSIVE;
				CLANG_WARN_UNREACHABLE_CODE = YES;
				CLANG_WARN__DUPLICATE_METHOD_MATCH = YES;
				COPY_PHASE_STRIP = NO;
				DEBUG_INFORMATION_FORMAT = "dwarf-with-dsym";
				ENABLE_NS_ASSERTIONS = NO;
				ENABLE_STRICT_OBJC_MSGSEND = YES;
				GCC_C_LANGUAGE_STANDARD = gnu11;
				GCC_NO_COMMON_BLOCKS = YES;
				GCC_WARN_64_TO_32_BIT_CONVERSION = YES;
				GCC_WARN_ABOUT_RETURN_TYPE = YES_ERROR;
				GCC_WARN_UNDECLARED_SELECTOR = YES;
				GCC_WARN_UNINITIALIZED_AUTOS = YES_AGGRESSIVE;
				GCC_WARN_UNUSED_FUNCTION = YES;
				GCC_WARN_UNUSED_VARIABLE = YES;
				IPHONEOS_DEPLOYMENT_TARGET = 16.4;
				MTL_ENABLE_DEBUG_INFO = NO;
				MTL_FAST_MATH = YES;
				SDKROOT = iphoneos;
				SWIFT_COMPILATION_MODE = wholemodule;
				SWIFT_OPTIMIZATION_LEVEL = "-O";
				VALIDATE_PRODUCT = YES;
			};
			name = Release;
		};
		954A158C2A325529001E8C30 /* Debug */ = {
			isa = XCBuildConfiguration;
			baseConfigurationReference = 1CF2FFC91AE82C06F38541EE /* Pods-NewYorkTimes.debug.xcconfig */;
			buildSettings = {
				ASSETCATALOG_COMPILER_APPICON_NAME = AppIcon;
				ASSETCATALOG_COMPILER_GLOBAL_ACCENT_COLOR_NAME = AccentColor;
				CODE_SIGN_STYLE = Automatic;
				CURRENT_PROJECT_VERSION = 1;
				DEVELOPMENT_TEAM = WZ6PF6S2GG;
				GENERATE_INFOPLIST_FILE = YES;
				INFOPLIST_FILE = NewYorkTimes/AssetAndInfo/Info.plist;
				INFOPLIST_KEY_UIApplicationSupportsIndirectInputEvents = YES;
				INFOPLIST_KEY_UILaunchStoryboardName = Splash;
				INFOPLIST_KEY_UIMainStoryboardFile = Main;
				INFOPLIST_KEY_UISupportedInterfaceOrientations_iPad = "UIInterfaceOrientationPortrait UIInterfaceOrientationPortraitUpsideDown UIInterfaceOrientationLandscapeLeft UIInterfaceOrientationLandscapeRight";
				INFOPLIST_KEY_UISupportedInterfaceOrientations_iPhone = "UIInterfaceOrientationPortrait UIInterfaceOrientationLandscapeLeft UIInterfaceOrientationLandscapeRight";
				LD_RUNPATH_SEARCH_PATHS = (
					"$(inherited)",
					"@executable_path/Frameworks",
				);
				MARKETING_VERSION = 1.0;
				PRODUCT_BUNDLE_IDENTIFIER = com.AlenaDrobko.NewYorkTimes;
				PRODUCT_NAME = "$(TARGET_NAME)";
				SWIFT_EMIT_LOC_STRINGS = YES;
				SWIFT_VERSION = 5.0;
				TARGETED_DEVICE_FAMILY = "1,2";
			};
			name = Debug;
		};
		954A158D2A325529001E8C30 /* Release */ = {
			isa = XCBuildConfiguration;
			baseConfigurationReference = B4D89E5D1A67EFB717A5C2AE /* Pods-NewYorkTimes.release.xcconfig */;
			buildSettings = {
				ASSETCATALOG_COMPILER_APPICON_NAME = AppIcon;
				ASSETCATALOG_COMPILER_GLOBAL_ACCENT_COLOR_NAME = AccentColor;
				CODE_SIGN_STYLE = Automatic;
				CURRENT_PROJECT_VERSION = 1;
				DEVELOPMENT_TEAM = WZ6PF6S2GG;
				GENERATE_INFOPLIST_FILE = YES;
				INFOPLIST_FILE = NewYorkTimes/AssetAndInfo/Info.plist;
				INFOPLIST_KEY_UIApplicationSupportsIndirectInputEvents = YES;
				INFOPLIST_KEY_UILaunchStoryboardName = Splash;
				INFOPLIST_KEY_UIMainStoryboardFile = Main;
				INFOPLIST_KEY_UISupportedInterfaceOrientations_iPad = "UIInterfaceOrientationPortrait UIInterfaceOrientationPortraitUpsideDown UIInterfaceOrientationLandscapeLeft UIInterfaceOrientationLandscapeRight";
				INFOPLIST_KEY_UISupportedInterfaceOrientations_iPhone = "UIInterfaceOrientationPortrait UIInterfaceOrientationLandscapeLeft UIInterfaceOrientationLandscapeRight";
				LD_RUNPATH_SEARCH_PATHS = (
					"$(inherited)",
					"@executable_path/Frameworks",
				);
				MARKETING_VERSION = 1.0;
				PRODUCT_BUNDLE_IDENTIFIER = com.AlenaDrobko.NewYorkTimes;
				PRODUCT_NAME = "$(TARGET_NAME)";
				SWIFT_EMIT_LOC_STRINGS = YES;
				SWIFT_VERSION = 5.0;
				TARGETED_DEVICE_FAMILY = "1,2";
			};
			name = Release;
		};
		954A158F2A325529001E8C30 /* Debug */ = {
			isa = XCBuildConfiguration;
			baseConfigurationReference = 377943D85D8FDA4A3781A1D6 /* Pods-NewYorkTimesTests.debug.xcconfig */;
			buildSettings = {
				ALWAYS_EMBED_SWIFT_STANDARD_LIBRARIES = YES;
				BUNDLE_LOADER = "$(TEST_HOST)";
				CODE_SIGN_STYLE = Automatic;
				CURRENT_PROJECT_VERSION = 1;
				DEVELOPMENT_TEAM = WZ6PF6S2GG;
				GENERATE_INFOPLIST_FILE = YES;
				IPHONEOS_DEPLOYMENT_TARGET = 16.4;
				MARKETING_VERSION = 1.0;
				PRODUCT_BUNDLE_IDENTIFIER = com.AlenaDrobko.NewYorkTimesTests;
				PRODUCT_NAME = "$(TARGET_NAME)";
				SWIFT_EMIT_LOC_STRINGS = NO;
				SWIFT_VERSION = 5.0;
				TARGETED_DEVICE_FAMILY = "1,2";
				TEST_HOST = "$(BUILT_PRODUCTS_DIR)/NewYorkTimes.app/$(BUNDLE_EXECUTABLE_FOLDER_PATH)/NewYorkTimes";
			};
			name = Debug;
		};
		954A15902A325529001E8C30 /* Release */ = {
			isa = XCBuildConfiguration;
			baseConfigurationReference = 865E8F08A5983399BBC516FF /* Pods-NewYorkTimesTests.release.xcconfig */;
			buildSettings = {
				ALWAYS_EMBED_SWIFT_STANDARD_LIBRARIES = YES;
				BUNDLE_LOADER = "$(TEST_HOST)";
				CODE_SIGN_STYLE = Automatic;
				CURRENT_PROJECT_VERSION = 1;
				DEVELOPMENT_TEAM = WZ6PF6S2GG;
				GENERATE_INFOPLIST_FILE = YES;
				IPHONEOS_DEPLOYMENT_TARGET = 16.4;
				MARKETING_VERSION = 1.0;
				PRODUCT_BUNDLE_IDENTIFIER = com.AlenaDrobko.NewYorkTimesTests;
				PRODUCT_NAME = "$(TARGET_NAME)";
				SWIFT_EMIT_LOC_STRINGS = NO;
				SWIFT_VERSION = 5.0;
				TARGETED_DEVICE_FAMILY = "1,2";
				TEST_HOST = "$(BUILT_PRODUCTS_DIR)/NewYorkTimes.app/$(BUNDLE_EXECUTABLE_FOLDER_PATH)/NewYorkTimes";
			};
			name = Release;
		};
		954A15922A325529001E8C30 /* Debug */ = {
			isa = XCBuildConfiguration;
			baseConfigurationReference = 954F9267D196C36238C377B6 /* Pods-NewYorkTimes-NewYorkTimesUITests.debug.xcconfig */;
			buildSettings = {
				ALWAYS_EMBED_SWIFT_STANDARD_LIBRARIES = YES;
				CODE_SIGN_STYLE = Automatic;
				CURRENT_PROJECT_VERSION = 1;
				DEVELOPMENT_TEAM = WZ6PF6S2GG;
				GENERATE_INFOPLIST_FILE = YES;
				MARKETING_VERSION = 1.0;
				PRODUCT_BUNDLE_IDENTIFIER = com.AlenaDrobko.NewYorkTimesUITests;
				PRODUCT_NAME = "$(TARGET_NAME)";
				SWIFT_EMIT_LOC_STRINGS = NO;
				SWIFT_VERSION = 5.0;
				TARGETED_DEVICE_FAMILY = "1,2";
				TEST_TARGET_NAME = NewYorkTimes;
			};
			name = Debug;
		};
		954A15932A325529001E8C30 /* Release */ = {
			isa = XCBuildConfiguration;
			baseConfigurationReference = 1A5CD63F0EB42CC22E40E976 /* Pods-NewYorkTimes-NewYorkTimesUITests.release.xcconfig */;
			buildSettings = {
				ALWAYS_EMBED_SWIFT_STANDARD_LIBRARIES = YES;
				CODE_SIGN_STYLE = Automatic;
				CURRENT_PROJECT_VERSION = 1;
				DEVELOPMENT_TEAM = WZ6PF6S2GG;
				GENERATE_INFOPLIST_FILE = YES;
				MARKETING_VERSION = 1.0;
				PRODUCT_BUNDLE_IDENTIFIER = com.AlenaDrobko.NewYorkTimesUITests;
				PRODUCT_NAME = "$(TARGET_NAME)";
				SWIFT_EMIT_LOC_STRINGS = NO;
				SWIFT_VERSION = 5.0;
				TARGETED_DEVICE_FAMILY = "1,2";
				TEST_TARGET_NAME = NewYorkTimes;
			};
			name = Release;
		};
/* End XCBuildConfiguration section */

/* Begin XCConfigurationList section */
		954A15592A325528001E8C30 /* Build configuration list for PBXProject "NewYorkTimes" */ = {
			isa = XCConfigurationList;
			buildConfigurations = (
				954A15892A325529001E8C30 /* Debug */,
				954A158A2A325529001E8C30 /* Release */,
			);
			defaultConfigurationIsVisible = 0;
			defaultConfigurationName = Release;
		};
		954A158B2A325529001E8C30 /* Build configuration list for PBXNativeTarget "NewYorkTimes" */ = {
			isa = XCConfigurationList;
			buildConfigurations = (
				954A158C2A325529001E8C30 /* Debug */,
				954A158D2A325529001E8C30 /* Release */,
			);
			defaultConfigurationIsVisible = 0;
			defaultConfigurationName = Release;
		};
		954A158E2A325529001E8C30 /* Build configuration list for PBXNativeTarget "NewYorkTimesTests" */ = {
			isa = XCConfigurationList;
			buildConfigurations = (
				954A158F2A325529001E8C30 /* Debug */,
				954A15902A325529001E8C30 /* Release */,
			);
			defaultConfigurationIsVisible = 0;
			defaultConfigurationName = Release;
		};
		954A15912A325529001E8C30 /* Build configuration list for PBXNativeTarget "NewYorkTimesUITests" */ = {
			isa = XCConfigurationList;
			buildConfigurations = (
				954A15922A325529001E8C30 /* Debug */,
				954A15932A325529001E8C30 /* Release */,
			);
			defaultConfigurationIsVisible = 0;
			defaultConfigurationName = Release;
		};
/* End XCConfigurationList section */

/* Begin XCVersionGroup section */
		954A156A2A325528001E8C30 /* NewYorkTimes.xcdatamodeld */ = {
			isa = XCVersionGroup;
			children = (
				954A156B2A325528001E8C30 /* NewYorkTimes.xcdatamodel */,
			);
			currentVersion = 954A156B2A325528001E8C30 /* NewYorkTimes.xcdatamodel */;
			path = NewYorkTimes.xcdatamodeld;
			sourceTree = "<group>";
			versionGroupType = wrapper.xcdatamodel;
		};
/* End XCVersionGroup section */
	};
	rootObject = 954A15562A325528001E8C30 /* Project object */;
}
